
Microsoft Visual Studio Solution File, Format Version 12.00
# Visual Studio Version 16
VisualStudioVersion = 16.0.31624.102
MinimumVisualStudioVersion = 10.0.40219.1
Project("{FAE04EC0-301F-11D3-BF4B-00C04F79EFBC}") = "SQL_Ogren", "SQL_Ogren\SQL_Ogren.csproj", "{61E2C211-17E1-4A76-8719-5732DE08F4ED}"
EndProject
Global
	GlobalSection(SolutionConfigurationPlatforms) = preSolution
		Debug|Any CPU = Debug|Any CPU
		Release|Any CPU = Release|Any CPU
	EndGlobalSection
	GlobalSection(ProjectConfigurationPlatforms) = postSolution
		{61E2C211-17E1-4A76-8719-5732DE08F4ED}.Debug|Any CPU.ActiveCfg = Debug|Any CPU
		{61E2C211-17E1-4A76-8719-5732DE08F4ED}.Debug|Any CPU.Build.0 = Debug|Any CPU
		{61E2C211-17E1-4A76-8719-5732DE08F4ED}.Release|Any CPU.ActiveCfg = Release|Any CPU
		{61E2C211-17E1-4A76-8719-5732DE08F4ED}.Release|Any CPU.Build.0 = Release|Any CPU
	EndGlobalSection
	GlobalSection(SolutionProperties) = preSolution
		HideSolutionNode = FALSE
	EndGlobalSection
	GlobalSection(ExtensibilityGlobals) = postSolution
		SolutionGuid = {3E5B1DB4-F28E-4D40-8BC6-4827005B4987}
	EndGlobalSection
EndGlobal
